
Microsoft Visual Studio Solution File, Format Version 12.00
# Visual Studio Version 17
VisualStudioVersion = 17.9.34701.34
MinimumVisualStudioVersion = 10.0.40219.1
Project("{9A19103F-16F7-4668-BE54-9A1E7A4F7556}") = "CustomerManagement.API", "CustomerManagement.API.csproj", "{387424AF-89E6-4ACE-B05A-452EB628118F}"
EndProject
Project("{9A19103F-16F7-4668-BE54-9A1E7A4F7556}") = "CustomerManagement.Core", "..\CustomerManagement.Core\CustomerManagement.Core.csproj", "{13911CEE-36CE-4325-AB1B-AFE44968F354}"
EndProject
Project("{9A19103F-16F7-4668-BE54-9A1E7A4F7556}") = "CustomerManagement.Infra", "..\CustomerManagement.Infra\CustomerManagement.Infra.csproj", "{6D344B9C-DE22-4E9A-86D5-E28B62FB42A9}"
EndProject
Project("{9A19103F-16F7-4668-BE54-9A1E7A4F7556}") = "CustomerManagement.Service", "..\CustomerManagement.Service\CustomerManagement.Service.csproj", "{299BD8FD-B513-4B72-B1F0-6684B44F2BC7}"
EndProject
Project("{FAE04EC0-301F-11D3-BF4B-00C04F79EFBC}") = "CustomerManagement.Test", "..\CustomerManagement.Test\CustomerManagement.Test.csproj", "{5A3FE627-AE65-4329-ADEA-75C02676C6BF}"
EndProject
Global
	GlobalSection(SolutionConfigurationPlatforms) = preSolution
		Debug|Any CPU = Debug|Any CPU
		Release|Any CPU = Release|Any CPU
	EndGlobalSection
	GlobalSection(ProjectConfigurationPlatforms) = postSolution
		{387424AF-89E6-4ACE-B05A-452EB628118F}.Debug|Any CPU.ActiveCfg = Debug|Any CPU
		{387424AF-89E6-4ACE-B05A-452EB628118F}.Debug|Any CPU.Build.0 = Debug|Any CPU
		{387424AF-89E6-4ACE-B05A-452EB628118F}.Release|Any CPU.ActiveCfg = Release|Any CPU
		{387424AF-89E6-4ACE-B05A-452EB628118F}.Release|Any CPU.Build.0 = Release|Any CPU
		{13911CEE-36CE-4325-AB1B-AFE44968F354}.Debug|Any CPU.ActiveCfg = Debug|Any CPU
		{13911CEE-36CE-4325-AB1B-AFE44968F354}.Debug|Any CPU.Build.0 = Debug|Any CPU
		{13911CEE-36CE-4325-AB1B-AFE44968F354}.Release|Any CPU.ActiveCfg = Release|Any CPU
		{13911CEE-36CE-4325-AB1B-AFE44968F354}.Release|Any CPU.Build.0 = Release|Any CPU
		{6D344B9C-DE22-4E9A-86D5-E28B62FB42A9}.Debug|Any CPU.ActiveCfg = Debug|Any CPU
		{6D344B9C-DE22-4E9A-86D5-E28B62FB42A9}.Debug|Any CPU.Build.0 = Debug|Any CPU
		{6D344B9C-DE22-4E9A-86D5-E28B62FB42A9}.Release|Any CPU.ActiveCfg = Release|Any CPU
		{6D344B9C-DE22-4E9A-86D5-E28B62FB42A9}.Release|Any CPU.Build.0 = Release|Any CPU
		{299BD8FD-B513-4B72-B1F0-6684B44F2BC7}.Debug|Any CPU.ActiveCfg = Debug|Any CPU
		{299BD8FD-B513-4B72-B1F0-6684B44F2BC7}.Debug|Any CPU.Build.0 = Debug|Any CPU
		{299BD8FD-B513-4B72-B1F0-6684B44F2BC7}.Release|Any CPU.ActiveCfg = Release|Any CPU
		{299BD8FD-B513-4B72-B1F0-6684B44F2BC7}.Release|Any CPU.Build.0 = Release|Any CPU
		{5A3FE627-AE65-4329-ADEA-75C02676C6BF}.Debug|Any CPU.ActiveCfg = Debug|Any CPU
		{5A3FE627-AE65-4329-ADEA-75C02676C6BF}.Debug|Any CPU.Build.0 = Debug|Any CPU
		{5A3FE627-AE65-4329-ADEA-75C02676C6BF}.Release|Any CPU.ActiveCfg = Release|Any CPU
		{5A3FE627-AE65-4329-ADEA-75C02676C6BF}.Release|Any CPU.Build.0 = Release|Any CPU
	EndGlobalSection
	GlobalSection(SolutionProperties) = preSolution
		HideSolutionNode = FALSE
	EndGlobalSection
	GlobalSection(ExtensibilityGlobals) = postSolution
		SolutionGuid = {43B5CF22-E4B1-40F8-9DEA-E8CF3F2F659F}
	EndGlobalSection
EndGlobal
